
Microsoft Visual Studio Solution File, Format Version 12.00
# Visual Studio Version 16
VisualStudioVersion = 16.0.32126.315
MinimumVisualStudioVersion = 10.0.40219.1
Project("{FAE04EC0-301F-11D3-BF4B-00C04F79EFBC}") = "demoLogin", "demoLogin\demoLogin.csproj", "{280EB248-2C6A-481A-A03D-74747EE51DEA}"
EndProject
Global
	GlobalSection(SolutionConfigurationPlatforms) = preSolution
		Debug|Any CPU = Debug|Any CPU
		Release|Any CPU = Release|Any CPU
	EndGlobalSection
	GlobalSection(ProjectConfigurationPlatforms) = postSolution
		{280EB248-2C6A-481A-A03D-74747EE51DEA}.Debug|Any CPU.ActiveCfg = Debug|Any CPU
		{280EB248-2C6A-481A-A03D-74747EE51DEA}.Debug|Any CPU.Build.0 = Debug|Any CPU
		{280EB248-2C6A-481A-A03D-74747EE51DEA}.Release|Any CPU.ActiveCfg = Release|Any CPU
		{280EB248-2C6A-481A-A03D-74747EE51DEA}.Release|Any CPU.Build.0 = Release|Any CPU
	EndGlobalSection
	GlobalSection(SolutionProperties) = preSolution
		HideSolutionNode = FALSE
	EndGlobalSection
	GlobalSection(ExtensibilityGlobals) = postSolution
		SolutionGuid = {54C0D159-F4C6-4483-A32F-3C479C77BA52}
	EndGlobalSection
EndGlobal
